
Microsoft Visual Studio Solution File, Format Version 12.00
# Visual Studio 15
VisualStudioVersion = 15.0.27004.2002
MinimumVisualStudioVersion = 10.0.40219.1
Project("{FAE04EC0-301F-11D3-BF4B-00C04F79EFBC}") = "FhirTool", "src\fhir-tool\FhirTool.csproj", "{0C12CAE1-5D82-408D-8606-2E91CCC64D7F}"
EndProject
Global
	GlobalSection(SolutionConfigurationPlatforms) = preSolution
		Debug|Any CPU = Debug|Any CPU
		Release|Any CPU = Release|Any CPU
	EndGlobalSection
	GlobalSection(ProjectConfigurationPlatforms) = postSolution
		{0C12CAE1-5D82-408D-8606-2E91CCC64D7F}.Debug|Any CPU.ActiveCfg = Debug|Any CPU
		{0C12CAE1-5D82-408D-8606-2E91CCC64D7F}.Debug|Any CPU.Build.0 = Debug|Any CPU
		{0C12CAE1-5D82-408D-8606-2E91CCC64D7F}.Release|Any CPU.ActiveCfg = Release|Any CPU
		{0C12CAE1-5D82-408D-8606-2E91CCC64D7F}.Release|Any CPU.Build.0 = Release|Any CPU
	EndGlobalSection
	GlobalSection(SolutionProperties) = preSolution
		HideSolutionNode = FALSE
	EndGlobalSection
	GlobalSection(ExtensibilityGlobals) = postSolution
		SolutionGuid = {19E55ADC-976C-4330-BE44-B0596C0D79B3}
	EndGlobalSection
EndGlobal
