
Microsoft Visual Studio Solution File, Format Version 12.00
# Visual Studio Version 17
VisualStudioVersion = 17.6.33723.286
MinimumVisualStudioVersion = 10.0.40219.1
Project("{9A19103F-16F7-4668-BE54-9A1E7A4F7556}") = "FhirTool", "src\fhir-tool\FhirTool.csproj", "{0C12CAE1-5D82-408D-8606-2E91CCC64D7F}"
EndProject
Project("{9A19103F-16F7-4668-BE54-9A1E7A4F7556}") = "fhir-tool-core-tests", "tests\fhir-tool-core-tests\fhir-tool-core-tests.csproj", "{992595B9-8AD8-46B1-AC08-78BFE3C3ACCF}"
EndProject
Project("{9A19103F-16F7-4668-BE54-9A1E7A4F7556}") = "fhir-tool-core", "src\fhir-tool-core\fhir-tool-core.csproj", "{98888B69-210F-4205-952C-E49FB5EB4015}"
EndProject
Project("{2150E333-8FDC-42A3-9474-1A3956D46DE8}") = "Solution Items", "Solution Items", "{7D014B20-1B42-4607-80E7-F0EA9677D700}"
	ProjectSection(SolutionItems) = preProject
		.gitattributes = .gitattributes
		.gitignore = .gitignore
		CONTRIBUTORS.md = CONTRIBUTORS.md
		Directory.Build.props = Directory.Build.props
		LICENSE = LICENSE
		README.md = README.md
	EndProjectSection
EndProject
Project("{2150E333-8FDC-42A3-9474-1A3956D46DE8}") = ".github", ".github", "{EB126A0B-594A-4177-A351-B94056328157}"
EndProject
Project("{2150E333-8FDC-42A3-9474-1A3956D46DE8}") = "workflows", "workflows", "{0D9A39A7-2878-45DF-991F-24217B490BA5}"
	ProjectSection(SolutionItems) = preProject
		.github\workflows\build.yml = .github\workflows\build.yml
		.github\workflows\codeql-analysis.yml = .github\workflows\codeql-analysis.yml
		.github\workflows\deploy.yml = .github\workflows\deploy.yml
	EndProjectSection
EndProject
Global
	GlobalSection(SolutionConfigurationPlatforms) = preSolution
		Debug|Any CPU = Debug|Any CPU
		Release|Any CPU = Release|Any CPU
	EndGlobalSection
	GlobalSection(ProjectConfigurationPlatforms) = postSolution
		{0C12CAE1-5D82-408D-8606-2E91CCC64D7F}.Debug|Any CPU.ActiveCfg = Debug|Any CPU
		{0C12CAE1-5D82-408D-8606-2E91CCC64D7F}.Debug|Any CPU.Build.0 = Debug|Any CPU
		{0C12CAE1-5D82-408D-8606-2E91CCC64D7F}.Release|Any CPU.ActiveCfg = Release|Any CPU
		{0C12CAE1-5D82-408D-8606-2E91CCC64D7F}.Release|Any CPU.Build.0 = Release|Any CPU
		{992595B9-8AD8-46B1-AC08-78BFE3C3ACCF}.Debug|Any CPU.ActiveCfg = Debug|Any CPU
		{992595B9-8AD8-46B1-AC08-78BFE3C3ACCF}.Debug|Any CPU.Build.0 = Debug|Any CPU
		{992595B9-8AD8-46B1-AC08-78BFE3C3ACCF}.Release|Any CPU.ActiveCfg = Release|Any CPU
		{992595B9-8AD8-46B1-AC08-78BFE3C3ACCF}.Release|Any CPU.Build.0 = Release|Any CPU
		{98888B69-210F-4205-952C-E49FB5EB4015}.Debug|Any CPU.ActiveCfg = Debug|Any CPU
		{98888B69-210F-4205-952C-E49FB5EB4015}.Debug|Any CPU.Build.0 = Debug|Any CPU
		{98888B69-210F-4205-952C-E49FB5EB4015}.Release|Any CPU.ActiveCfg = Release|Any CPU
		{98888B69-210F-4205-952C-E49FB5EB4015}.Release|Any CPU.Build.0 = Release|Any CPU
	EndGlobalSection
	GlobalSection(SolutionProperties) = preSolution
		HideSolutionNode = FALSE
	EndGlobalSection
	GlobalSection(NestedProjects) = preSolution
		{EB126A0B-594A-4177-A351-B94056328157} = {7D014B20-1B42-4607-80E7-F0EA9677D700}
		{0D9A39A7-2878-45DF-991F-24217B490BA5} = {EB126A0B-594A-4177-A351-B94056328157}
	EndGlobalSection
	GlobalSection(ExtensibilityGlobals) = postSolution
		SolutionGuid = {19E55ADC-976C-4330-BE44-B0596C0D79B3}
	EndGlobalSection
EndGlobal
